// !$*UTF8*$!
{
	archiveVersion = 1;
	classes = {
	};
	objectVersion = 42;
	objects = {

/* Begin PBXBuildFile section */
		BAA72DD112B61D4C00604A90 /* libtest.c in Sources */ = {isa = PBXBuildFile; fileRef = BAA72DC112B61CD900604A90 /* libtest.c */; };
		BAA72DF112B61EA100604A90 /* mach_hook.c in Sources */ = {isa = PBXBuildFile; fileRef = BAA72DC312B61CD900604A90 /* mach_hook.c */; };
		BAA72DF212B61EA400604A90 /* test.c in Sources */ = {isa = PBXBuildFile; fileRef = BAA72DC512B61CD900604A90 /* test.c */; };
		BAE94C6612F87A9300C87CFF /* libtest.dylib in Frameworks */ = {isa = PBXBuildFile; fileRef = BAA72DCA12B61D0000604A90 /* libtest.dylib */; };
/* End PBXBuildFile section */

/* Begin PBXContainerItemProxy section */
		BAA72DEB12B61E8600604A90 /* PBXContainerItemProxy */ = {
			isa = PBXContainerItemProxy;
			containerPortal = 08FB7793FE84155DC02AAC07 /* Project object */;
			proxyType = 1;
			remoteGlobalIDString = BAA72DC912B61D0000604A90;
			remoteInfo = libtest;
		};
/* End PBXContainerItemProxy section */

/* Begin PBXCopyFilesBuildPhase section */
		8DD76FAF0486AB0100D96B5E /* CopyFiles */ = {
			isa = PBXCopyFilesBuildPhase;
			buildActionMask = 8;
			dstPath = /usr/share/man/man1/;
			dstSubfolderSpec = 0;
			files = (
			);
			runOnlyForDeploymentPostprocessing = 1;
		};
/* End PBXCopyFilesBuildPhase section */

/* Begin PBXFileReference section */
		8DD76FB20486AB0100D96B5E /* test */ = {isa = PBXFileReference; explicitFileType = "compiled.mach-o.executable"; includeInIndex = 0; path = test; sourceTree = BUILT_PRODUCTS_DIR; };
		BAA72DC112B61CD900604A90 /* libtest.c */ = {isa = PBXFileReference; fileEncoding = 4; lastKnownFileType = sourcecode.c.c; path = libtest.c; sourceTree = "<group>"; };
		BAA72DC312B61CD900604A90 /* mach_hook.c */ = {isa = PBXFileReference; fileEncoding = 4; lastKnownFileType = sourcecode.c.c; path = mach_hook.c; sourceTree = "<group>"; };
		BAA72DC412B61CD900604A90 /* mach_hook.h */ = {isa = PBXFileReference; fileEncoding = 4; lastKnownFileType = sourcecode.c.h; path = mach_hook.h; sourceTree = "<group>"; };
		BAA72DC512B61CD900604A90 /* test.c */ = {isa = PBXFileReference; fileEncoding = 4; lastKnownFileType = sourcecode.c.c; path = test.c; sourceTree = "<group>"; };
		BAA72DCA12B61D0000604A90 /* libtest.dylib */ = {isa = PBXFileReference; explicitFileType = "compiled.mach-o.dylib"; includeInIndex = 0; path = libtest.dylib; sourceTree = BUILT_PRODUCTS_DIR; };
/* End PBXFileReference section */

/* Begin PBXFrameworksBuildPhase section */
		8DD76FAD0486AB0100D96B5E /* Frameworks */ = {
			isa = PBXFrameworksBuildPhase;
			buildActionMask = 2147483647;
			files = (
				BAE94C6612F87A9300C87CFF /* libtest.dylib in Frameworks */,
			);
			runOnlyForDeploymentPostprocessing = 0;
		};
		BAA72DC812B61D0000604A90 /* Frameworks */ = {
			isa = PBXFrameworksBuildPhase;
			buildActionMask = 2147483647;
			files = (
			);
			runOnlyForDeploymentPostprocessing = 0;
		};
/* End PBXFrameworksBuildPhase section */

/* Begin PBXGroup section */
		08FB7794FE84155DC02AAC07 /* mach_hook */ = {
			isa = PBXGroup;
			children = (
				08FB7795FE84155DC02AAC07 /* Source */,
				1AB674ADFE9D54B511CA2CBB /* Products */,
			);
			name = mach_hook;
			sourceTree = "<group>";
		};
		08FB7795FE84155DC02AAC07 /* Source */ = {
			isa = PBXGroup;
			children = (
				BAA72DC112B61CD900604A90 /* libtest.c */,
				BAA72DC312B61CD900604A90 /* mach_hook.c */,
				BAA72DC412B61CD900604A90 /* mach_hook.h */,
				BAA72DC512B61CD900604A90 /* test.c */,
			);
			name = Source;
			sourceTree = "<group>";
		};
		1AB674ADFE9D54B511CA2CBB /* Products */ = {
			isa = PBXGroup;
			children = (
				8DD76FB20486AB0100D96B5E /* test */,
				BAA72DCA12B61D0000604A90 /* libtest.dylib */,
			);
			name = Products;
			sourceTree = "<group>";
		};
/* End PBXGroup section */

/* Begin PBXHeadersBuildPhase section */
		BAA72DC612B61D0000604A90 /* Headers */ = {
			isa = PBXHeadersBuildPhase;
			buildActionMask = 2147483647;
			files = (
			);
			runOnlyForDeploymentPostprocessing = 0;
		};
/* End PBXHeadersBuildPhase section */

/* Begin PBXNativeTarget section */
		8DD76FA90486AB0100D96B5E /* test */ = {
			isa = PBXNativeTarget;
			buildConfigurationList = 1DEB928508733DD80010E9CD /* Build configuration list for PBXNativeTarget "test" */;
			buildPhases = (
				8DD76FAB0486AB0100D96B5E /* Sources */,
				8DD76FAD0486AB0100D96B5E /* Frameworks */,
				8DD76FAF0486AB0100D96B5E /* CopyFiles */,
			);
			buildRules = (
			);
			dependencies = (
				BAA72DEC12B61E8600604A90 /* PBXTargetDependency */,
			);
			name = test;
			productInstallPath = "$(HOME)/bin";
			productName = mach_hook;
			productReference = 8DD76FB20486AB0100D96B5E /* test */;
			productType = "com.apple.product-type.tool";
		};
		BAA72DC912B61D0000604A90 /* libtest */ = {
			isa = PBXNativeTarget;
			buildConfigurationList = BAA72DD012B61D3900604A90 /* Build configuration list for PBXNativeTarget "libtest" */;
			buildPhases = (
				BAA72DC612B61D0000604A90 /* Headers */,
				BAA72DC712B61D0000604A90 /* Sources */,
				BAA72DC812B61D0000604A90 /* Frameworks */,
			);
			buildRules = (
			);
			dependencies = (
			);
			name = libtest;
			productName = libtest;
			productReference = BAA72DCA12B61D0000604A90 /* libtest.dylib */;
			productType = "com.apple.product-type.library.dynamic";
		};
/* End PBXNativeTarget section */

/* Begin PBXProject section */
		08FB7793FE84155DC02AAC07 /* Project object */ = {
			isa = PBXProject;
			buildConfigurationList = 1DEB928908733DD80010E9CD /* Build configuration list for PBXProject "mach_hook" */;
			compatibilityVersion = "Xcode 2.4";
			hasScannedForEncodings = 1;
			knownRegions = (
				English,
				Japanese,
				French,
				German,
			);
			mainGroup = 08FB7794FE84155DC02AAC07 /* mach_hook */;
			projectDirPath = "";
			projectRoot = "";
			targets = (
				8DD76FA90486AB0100D96B5E /* test */,
				BAA72DC912B61D0000604A90 /* libtest */,
			);
		};
/* End PBXProject section */

/* Begin PBXSourcesBuildPhase section */
		8DD76FAB0486AB0100D96B5E /* Sources */ = {
			isa = PBXSourcesBuildPhase;
			buildActionMask = 2147483647;
			files = (
				BAA72DF112B61EA100604A90 /* mach_hook.c in Sources */,
				BAA72DF212B61EA400604A90 /* test.c in Sources */,
			);
			runOnlyForDeploymentPostprocessing = 0;
		};
		BAA72DC712B61D0000604A90 /* Sources */ = {
			isa = PBXSourcesBuildPhase;
			buildActionMask = 2147483647;
			files = (
				BAA72DD112B61D4C00604A90 /* libtest.c in Sources */,
			);
			runOnlyForDeploymentPostprocessing = 0;
		};
/* End PBXSourcesBuildPhase section */

/* Begin PBXTargetDependency section */
		BAA72DEC12B61E8600604A90 /* PBXTargetDependency */ = {
			isa = PBXTargetDependency;
			target = BAA72DC912B61D0000604A90 /* libtest */;
			targetProxy = BAA72DEB12B61E8600604A90 /* PBXContainerItemProxy */;
		};
/* End PBXTargetDependency section */

/* Begin XCBuildConfiguration section */
		1DEB928608733DD80010E9CD /* Debug */ = {
			isa = XCBuildConfiguration;
			buildSettings = {
				ALWAYS_SEARCH_USER_PATHS = NO;
				COPY_PHASE_STRIP = NO;
				GCC_DYNAMIC_NO_PIC = NO;
				GCC_ENABLE_FIX_AND_CONTINUE = YES;
				GCC_MODEL_TUNING = G5;
				GCC_OPTIMIZATION_LEVEL = 0;
				HEADER_SEARCH_PATHS = /usr/include;
				PRODUCT_NAME = test;
			};
			name = Debug;
		};
		1DEB928708733DD80010E9CD /* Release */ = {
			isa = XCBuildConfiguration;
			buildSettings = {
				ALWAYS_SEARCH_USER_PATHS = NO;
				COPY_PHASE_STRIP = NO;
				DEBUG_INFORMATION_FORMAT = "dwarf-with-dsym";
				GCC_MODEL_TUNING = G5;
				HEADER_SEARCH_PATHS = /usr/include;
				PRODUCT_NAME = test;
			};
			name = Release;
		};
		1DEB928A08733DD80010E9CD /* Debug */ = {
			isa = XCBuildConfiguration;
			buildSettings = {
				ARCHS = "$(ARCHS_STANDARD_32_64_BIT_PRE_XCODE_3_1)";
				ARCHS_STANDARD_32_64_BIT_PRE_XCODE_3_1 = "i386 x86_64";
				GCC_OPTIMIZATION_LEVEL = 0;
				ONLY_ACTIVE_ARCH_PRE_XCODE_3_1 = "$(NATIVE_ARCH_ACTUAL)";
				VALID_ARCHS = "i386 x86_64";
			};
			name = Debug;
		};
		1DEB928B08733DD80010E9CD /* Release */ = {
			isa = XCBuildConfiguration;
			buildSettings = {
				ARCHS = "$(ARCHS_STANDARD_32_64_BIT_PRE_XCODE_3_1)";
				ARCHS_STANDARD_32_64_BIT_PRE_XCODE_3_1 = "i386 x86_64";
				ONLY_ACTIVE_ARCH_PRE_XCODE_3_1 = "$(NATIVE_ARCH_ACTUAL)";
				VALID_ARCHS = "i386 x86_64";
			};
			name = Release;
		};
		BAA72DCB12B61D0100604A90 /* Debug */ = {
			isa = XCBuildConfiguration;
			buildSettings = {
				ALWAYS_SEARCH_USER_PATHS = NO;
				COPY_PHASE_STRIP = NO;
				GCC_ENABLE_FIX_AND_CONTINUE = YES;
				GCC_MODEL_TUNING = G5;
				GCC_OPTIMIZATION_LEVEL = 0;
				INSTALL_PATH = "";
				LD_DYLIB_INSTALL_NAME = "$(EXECUTABLE_PATH)";
				MACH_O_TYPE = mh_dylib;
				PRODUCT_NAME = libtest;
			};
			name = Debug;
		};
		BAA72DCC12B61D0100604A90 /* Release */ = {
			isa = XCBuildConfiguration;
			buildSettings = {
				ALWAYS_SEARCH_USER_PATHS = NO;
				COPY_PHASE_STRIP = YES;
				DEBUG_INFORMATION_FORMAT = "dwarf-with-dsym";
				GCC_ENABLE_FIX_AND_CONTINUE = NO;
				GCC_MODEL_TUNING = G5;
				INSTALL_PATH = "";
				LD_DYLIB_INSTALL_NAME = "$(EXECUTABLE_PATH)";
				MACH_O_TYPE = mh_dylib;
				PRODUCT_NAME = libtest;
			};
			name = Release;
		};
/* End XCBuildConfiguration section */

/* Begin XCConfigurationList section */
		1DEB928508733DD80010E9CD /* Build configuration list for PBXNativeTarget "test" */ = {
			isa = XCConfigurationList;
			buildConfigurations = (
				1DEB928608733DD80010E9CD /* Debug */,
				1DEB928708733DD80010E9CD /* Release */,
			);
			defaultConfigurationIsVisible = 0;
			defaultConfigurationName = Release;
		};
		1DEB928908733DD80010E9CD /* Build configuration list for PBXProject "mach_hook" */ = {
			isa = XCConfigurationList;
			buildConfigurations = (
				1DEB928A08733DD80010E9CD /* Debug */,
				1DEB928B08733DD80010E9CD /* Release */,
			);
			defaultConfigurationIsVisible = 0;
			defaultConfigurationName = Release;
		};
		BAA72DD012B61D3900604A90 /* Build configuration list for PBXNativeTarget "libtest" */ = {
			isa = XCConfigurationList;
			buildConfigurations = (
				BAA72DCB12B61D0100604A90 /* Debug */,
				BAA72DCC12B61D0100604A90 /* Release */,
			);
			defaultConfigurationIsVisible = 0;
			defaultConfigurationName = Release;
		};
/* End XCConfigurationList section */
	};
	rootObject = 08FB7793FE84155DC02AAC07 /* Project object */;
}
